
Microsoft Visual Studio Solution File, Format Version 12.00
# Visual Studio Version 16
VisualStudioVersion = 16.0.30320.27
MinimumVisualStudioVersion = 10.0.40219.1
Project("{FAE04EC0-301F-11D3-BF4B-00C04F79EFBC}") = "AdvertisingTeamPlugin", "AdvertisingTeamPlugin\AdvertisingTeamPlugin.csproj", "{5C04D74B-CDE4-44EE-BFFB-1680498A1ECF}"
EndProject
Global
	GlobalSection(SolutionConfigurationPlatforms) = preSolution
		Debug|Any CPU = Debug|Any CPU
		Release|Any CPU = Release|Any CPU
	EndGlobalSection
	GlobalSection(ProjectConfigurationPlatforms) = postSolution
		{5C04D74B-CDE4-44EE-BFFB-1680498A1ECF}.Debug|Any CPU.ActiveCfg = Debug|Any CPU
		{5C04D74B-CDE4-44EE-BFFB-1680498A1ECF}.Debug|Any CPU.Build.0 = Debug|Any CPU
		{5C04D74B-CDE4-44EE-BFFB-1680498A1ECF}.Release|Any CPU.ActiveCfg = Release|Any CPU
		{5C04D74B-CDE4-44EE-BFFB-1680498A1ECF}.Release|Any CPU.Build.0 = Release|Any CPU
	EndGlobalSection
	GlobalSection(SolutionProperties) = preSolution
		HideSolutionNode = FALSE
	EndGlobalSection
	GlobalSection(ExtensibilityGlobals) = postSolution
		SolutionGuid = {0DE1C6F9-4777-4780-8473-2C7D615615C3}
	EndGlobalSection
EndGlobal
